
Microsoft Visual Studio Solution File, Format Version 12.00
# Visual Studio Version 16
VisualStudioVersion = 16.0.30907.101
MinimumVisualStudioVersion = 10.0.40219.1
Project("{FAE04EC0-301F-11D3-BF4B-00C04F79EFBC}") = "DemoApplication", "DemoApplication\DemoApplication.csproj", "{D80811D9-0056-41AA-A206-ECCD21EE70A5}"
EndProject
Global
	GlobalSection(SolutionConfigurationPlatforms) = preSolution
		Debug|Any CPU = Debug|Any CPU
		Release|Any CPU = Release|Any CPU
	EndGlobalSection
	GlobalSection(ProjectConfigurationPlatforms) = postSolution
		{D80811D9-0056-41AA-A206-ECCD21EE70A5}.Debug|Any CPU.ActiveCfg = Debug|Any CPU
		{D80811D9-0056-41AA-A206-ECCD21EE70A5}.Debug|Any CPU.Build.0 = Debug|Any CPU
		{D80811D9-0056-41AA-A206-ECCD21EE70A5}.Release|Any CPU.ActiveCfg = Release|Any CPU
		{D80811D9-0056-41AA-A206-ECCD21EE70A5}.Release|Any CPU.Build.0 = Release|Any CPU
	EndGlobalSection
	GlobalSection(SolutionProperties) = preSolution
		HideSolutionNode = FALSE
	EndGlobalSection
	GlobalSection(ExtensibilityGlobals) = postSolution
		SolutionGuid = {3A4D16FA-E028-49BF-AE3C-FC4F5A681C9A}
	EndGlobalSection
EndGlobal
